
Microsoft Visual Studio Solution File, Format Version 12.00
# Visual Studio 15
VisualStudioVersion = 15.0.28307.271
MinimumVisualStudioVersion = 10.0.40219.1
Project("{FAE04EC0-301F-11D3-BF4B-00C04F79EFBC}") = "BBLite", "BBLite\BBLite.csproj", "{35D0F33D-D157-4A73-A46D-357381EBC829}"
EndProject
Project("{FAE04EC0-301F-11D3-BF4B-00C04F79EFBC}") = "BBLite.Tests", "BBLite.Tests\BBLite.Tests.csproj", "{C3978B9E-774F-40CD-B30C-74C60452EEEC}"
EndProject
Global
	GlobalSection(SolutionConfigurationPlatforms) = preSolution
		Debug|Any CPU = Debug|Any CPU
		Release|Any CPU = Release|Any CPU
	EndGlobalSection
	GlobalSection(ProjectConfigurationPlatforms) = postSolution
		{35D0F33D-D157-4A73-A46D-357381EBC829}.Debug|Any CPU.ActiveCfg = Debug|Any CPU
		{35D0F33D-D157-4A73-A46D-357381EBC829}.Debug|Any CPU.Build.0 = Debug|Any CPU
		{35D0F33D-D157-4A73-A46D-357381EBC829}.Release|Any CPU.ActiveCfg = Release|Any CPU
		{35D0F33D-D157-4A73-A46D-357381EBC829}.Release|Any CPU.Build.0 = Release|Any CPU
		{C3978B9E-774F-40CD-B30C-74C60452EEEC}.Debug|Any CPU.ActiveCfg = Debug|Any CPU
		{C3978B9E-774F-40CD-B30C-74C60452EEEC}.Debug|Any CPU.Build.0 = Debug|Any CPU
		{C3978B9E-774F-40CD-B30C-74C60452EEEC}.Release|Any CPU.ActiveCfg = Release|Any CPU
		{C3978B9E-774F-40CD-B30C-74C60452EEEC}.Release|Any CPU.Build.0 = Release|Any CPU
	EndGlobalSection
	GlobalSection(SolutionProperties) = preSolution
		HideSolutionNode = FALSE
	EndGlobalSection
	GlobalSection(ExtensibilityGlobals) = postSolution
		SolutionGuid = {B2F70247-F3F2-488D-B4F3-BA7BFF5B8622}
	EndGlobalSection
EndGlobal
